{
  "requires": true,
  "lockfileVersion": 1,
  "dependencies": {
    "@webcomponents/webcomponentsjs": {
      "version": "2.4.2",
      "resolved": "https://registry.npmjs.org/@webcomponents/webcomponentsjs/-/webcomponentsjs-2.4.2.tgz",
      "integrity": "sha512-3nGTTljmHHwfxBDppjbvUrKAmy78skC6nHwx3mYrbz677HXMAREh0aeJvoT4EnuomYJtLU3lS3RYvtB2MSz+NQ=="
    },
    "react-shadow-dom-retarget-events": {
      "version": "1.0.11",
      "resolved": "https://registry.npmjs.org/react-shadow-dom-retarget-events/-/react-shadow-dom-retarget-events-1.0.11.tgz",
      "integrity": "sha512-4ExKxKEWUCEmVBZmtly5lgHd9vz/NDKv5H7KmFZZxHZW/W6EmmzyOA928OqeWPxcfXUjfNG8q3hpwCD9O7CRRg=="
    }
  }
}
